<?xml version="1.0" encoding="utf-8"?>
<Project ToolsVersion="4.0" xmlns="http://schemas.microsoft.com/developer/msbuild/2003">
  <ItemGroup>
    <Filter Include="Source Files">
      <UniqueIdentifier>{4FC737F1-C7A5-4376-A066-2A32D752A2FF}</UniqueIdentifier>
      <Extensions>cpp;c;cc;cxx;c++;def;odl;idl;hpj;bat;asm;asmx</Extensions>
    </Filter>
    <Filter Include="Header Files">
      <UniqueIdentifier>{93995380-89BD-4b04-88EB-625FBE52EBFB}</UniqueIdentifier>
      <Extensions>h;hh;hpp;hxx;h++;hm;inl;inc;ipp;xsd</Extensions>
    </Filter>
    <Filter Include="Resource Files">
      <UniqueIdentifier>{67DA6AB6-F800-4c08-8B7A-83BB121AAD01}</UniqueIdentifier>
      <Extensions>rc;ico;cur;bmp;dlg;rc2;rct;bin;rgs;gif;jpg;jpeg;jpe;resx;tiff;tif;png;wav;mfcribbon-ms</Extensions>
    </Filter>
  </ItemGroup>
  <ItemGroup>
    <ClCompile Include="Main.cpp">
      <Filter>Source Files</Filter>
    </ClCompile>
    <ClCompile Include="StateMachine.cpp">
      <Filter>Source Files</Filter>
    </ClCompile>
    <ClCompile Include="Game.cpp">
      <Filter>Source Files</Filter>
    </ClCompile>
    <ClCompile Include="TestState.cpp">
      <Filter>Source Files</Filter>
    </ClCompile>
    <ClCompile Include="AssetManager.cpp">
      <Filter>Source Files</Filter>
    </ClCompile>
    <ClCompile Include="InputManager.cpp">
      <Filter>Source Files</Filter>
    </ClCompile>
    <ClCompile Include="UIElement.cpp">
      <Filter>Source Files</Filter>
    </ClCompile>
    <ClCompile Include="UIController.cpp">
      <Filter>Source Files</Filter>
    </ClCompile>
    <ClCompile Include="TestLoadingState.cpp">
      <Filter>Source Files</Filter>
    </ClCompile>
    <ClCompile Include="GameMapController.cpp">
      <Filter>Source Files</Filter>
    </ClCompile>
    <ClCompile Include="SettingsMenuState.cpp">
      <Filter>Source Files</Filter>
    </ClCompile>
    <ClCompile Include="Nation.cpp">
      <Filter>Source Files</Filter>
    </ClCompile>
    <ClCompile Include="Province.cpp">
      <Filter>Source Files</Filter>
    </ClCompile>
  </ItemGroup>
  <ItemGroup>
    <ClInclude Include="State.h">
      <Filter>Header Files</Filter>
    </ClInclude>
    <ClInclude Include="StateMachine.h">
      <Filter>Header Files</Filter>
    </ClInclude>
    <ClInclude Include="Game.h">
      <Filter>Header Files</Filter>
    </ClInclude>
    <ClInclude Include="TestState.h">
      <Filter>Header Files</Filter>
    </ClInclude>
    <ClInclude Include="AssetManager.h">
      <Filter>Header Files</Filter>
    </ClInclude>
    <ClInclude Include="InputManager.h">
      <Filter>Header Files</Filter>
    </ClInclude>
    <ClInclude Include="UIElement.h">
      <Filter>Header Files</Filter>
    </ClInclude>
    <ClInclude Include="UIController.h">
      <Filter>Header Files</Filter>
    </ClInclude>
    <ClInclude Include="TestLoadingState.h">
      <Filter>Header Files</Filter>
    </ClInclude>
    <ClInclude Include="GameMapController.h">
      <Filter>Header Files</Filter>
    </ClInclude>
    <ClInclude Include="SettingsMenuState.h">
      <Filter>Header Files</Filter>
    </ClInclude>
    <ClInclude Include="DEFINITIONS.h">
      <Filter>Header Files</Filter>
    </ClInclude>
    <ClInclude Include="Nation.h">
      <Filter>Header Files</Filter>
    </ClInclude>
    <ClInclude Include="Province.h">
      <Filter>Header Files</Filter>
    </ClInclude>
  </ItemGroup>
  <ItemGroup>
    <Text Include="Assets\Config_Files\Map_Config\provinces.txt" />
    <Text Include="Assets\Config_Files\game_assets.txt" />
    <Text Include="Assets\Config_Files\game_ui.txt" />
    <Text Include="Assets\Config_Files\loading_screen_assets.txt" />
    <Text Include="Assets\Config_Files\settings.txt" />
    <Text Include="Assets\Config_Files\settings_default.txt" />
    <Text Include="Assets\Config_Files\settings_menu_assets.txt" />
    <Text Include="Assets\Config_Files\settings_menu_ui.txt" />
    <Text Include="Assets\Config_Files\Map_Config\nations.txt" />
  </ItemGroup>
  <ItemGroup>
    <Media Include="Assets\Audio\Effects\Test_Effect.wav">
      <Filter>Resource Files</Filter>
    </Media>
    <Media Include="Assets\Audio\Music\Test_Music.wav">
      <Filter>Resource Files</Filter>
    </Media>
  </ItemGroup>
  <ItemGroup>
    <Image Include="Assets\Loading_Screen\Test_Loading_Bar.png">
      <Filter>Resource Files</Filter>
    </Image>
    <Image Include="Assets\Loading_Screen\Test_Loading_Bar_Outline.png">
      <Filter>Resource Files</Filter>
    </Image>
    <Image Include="Assets\Map_Files\old\Map_Provinces_Layer.png">
      <Filter>Resource Files</Filter>
    </Image>
    <Image Include="Assets\Map_Files\old\Map_Provinces_Layer1.png">
      <Filter>Resource Files</Filter>
    </Image>
    <Image Include="Assets\Map_Files\Dibenay May19 18-37.png">
      <Filter>Resource Files</Filter>
    </Image>
    <Image Include="Assets\Map_Files\Map_Base_Layer.png">
      <Filter>Resource Files</Filter>
    </Image>
    <Image Include="Assets\Map_Files\Map_Coloured_Base.png">
      <Filter>Resource Files</Filter>
    </Image>
    <Image Include="Assets\Map_Files\Map_Nations_Layer.png">
      <Filter>Resource Files</Filter>
    </Image>
    <Image Include="Assets\Map_Files\Map_Provinces_Layer.png">
      <Filter>Resource Files</Filter>
    </Image>
    <Image Include="Assets\Settings_Screen\Apply_Cancel_Button.png">
      <Filter>Resource Files</Filter>
    </Image>
    <Image Include="Assets\Settings_Screen\Selected_Category_Panel.png">
      <Filter>Resource Files</Filter>
    </Image>
    <Image Include="Assets\Settings_Screen\Setting_Name_Panel.png">
      <Filter>Resource Files</Filter>
    </Image>
    <Image Include="Assets\Settings_Screen\Setting_Text_Panel.png">
      <Filter>Resource Files</Filter>
    </Image>
    <Image Include="Assets\Settings_Screen\Settings_Main_Panel.png">
      <Filter>Resource Files</Filter>
    </Image>
    <Image Include="Assets\UI\Test_Button.png">
      <Filter>Resource Files</Filter>
    </Image>
    <Image Include="Assets\UI\Test_Button_Background.png">
      <Filter>Resource Files</Filter>
    </Image>
  </ItemGroup>
  <ItemGroup>
    <None Include="Assets\Map_Files\Map_Provinces_Layer.xcf" />
  </ItemGroup>
</Project>